
Microsoft Visual Studio Solution File, Format Version 12.00
# Visual Studio 14
VisualStudioVersion = 14.0.25420.1
MinimumVisualStudioVersion = 10.0.40219.1
Project("{2150E333-8FDC-42A3-9474-1A3956D46DE8}") = "Core", "Core", "{0CC147CA-4D87-4FAA-9A6C-884729146ABE}"
EndProject
Project("{FAE04EC0-301F-11D3-BF4B-00C04F79EFBC}") = "Been.Core", "Been.Core\Been.Core.csproj", "{2CB449FF-3B2A-442E-875A-5FC2444AB417}"
EndProject
Project("{2150E333-8FDC-42A3-9474-1A3956D46DE8}") = "Test", "Test", "{277F95A5-C0AF-43FA-A6B0-62C04CBF9B83}"
EndProject
Project("{FAE04EC0-301F-11D3-BF4B-00C04F79EFBC}") = "Been.Core.Test", "Been.Core.Test\Been.Core.Test.csproj", "{B7C96468-F86A-46CA-8A22-BBE3A92EEDCA}"
EndProject
Project("{FAE04EC0-301F-11D3-BF4B-00C04F79EFBC}") = "WebSite.Deploy", "WebSite.Deploy\WebSite.Deploy.csproj", "{938A08A9-6229-4781-86A9-DCA80B599C33}"
EndProject
Project("{FAE04EC0-301F-11D3-BF4B-00C04F79EFBC}") = "Been.Soa", "Been.Soa\Been.Soa.csproj", "{5F879848-192B-4ED9-9E8A-58E9C6F3B33B}"
EndProject
Project("{FAE04EC0-301F-11D3-BF4B-00C04F79EFBC}") = "Been.Simple.Web", "Been.Simple.Web\Been.Simple.Web.csproj", "{E5D297E7-0FC1-4849-9915-1619E3435471}"
EndProject
Project("{FAE04EC0-301F-11D3-BF4B-00C04F79EFBC}") = "Been.Orm", "Been.Orm\Been.Orm.csproj", "{4AD30293-2413-4243-98BC-4A3114D30278}"
EndProject
Global
	GlobalSection(SolutionConfigurationPlatforms) = preSolution
		Debug|Any CPU = Debug|Any CPU
		Release|Any CPU = Release|Any CPU
	EndGlobalSection
	GlobalSection(ProjectConfigurationPlatforms) = postSolution
		{2CB449FF-3B2A-442E-875A-5FC2444AB417}.Debug|Any CPU.ActiveCfg = Debug|Any CPU
		{2CB449FF-3B2A-442E-875A-5FC2444AB417}.Debug|Any CPU.Build.0 = Debug|Any CPU
		{2CB449FF-3B2A-442E-875A-5FC2444AB417}.Release|Any CPU.ActiveCfg = Release|Any CPU
		{2CB449FF-3B2A-442E-875A-5FC2444AB417}.Release|Any CPU.Build.0 = Release|Any CPU
		{B7C96468-F86A-46CA-8A22-BBE3A92EEDCA}.Debug|Any CPU.ActiveCfg = Debug|Any CPU
		{B7C96468-F86A-46CA-8A22-BBE3A92EEDCA}.Debug|Any CPU.Build.0 = Debug|Any CPU
		{B7C96468-F86A-46CA-8A22-BBE3A92EEDCA}.Release|Any CPU.ActiveCfg = Release|Any CPU
		{B7C96468-F86A-46CA-8A22-BBE3A92EEDCA}.Release|Any CPU.Build.0 = Release|Any CPU
		{938A08A9-6229-4781-86A9-DCA80B599C33}.Debug|Any CPU.ActiveCfg = Debug|Any CPU
		{938A08A9-6229-4781-86A9-DCA80B599C33}.Debug|Any CPU.Build.0 = Debug|Any CPU
		{938A08A9-6229-4781-86A9-DCA80B599C33}.Release|Any CPU.ActiveCfg = Release|Any CPU
		{938A08A9-6229-4781-86A9-DCA80B599C33}.Release|Any CPU.Build.0 = Release|Any CPU
		{5F879848-192B-4ED9-9E8A-58E9C6F3B33B}.Debug|Any CPU.ActiveCfg = Debug|Any CPU
		{5F879848-192B-4ED9-9E8A-58E9C6F3B33B}.Debug|Any CPU.Build.0 = Debug|Any CPU
		{5F879848-192B-4ED9-9E8A-58E9C6F3B33B}.Release|Any CPU.ActiveCfg = Release|Any CPU
		{5F879848-192B-4ED9-9E8A-58E9C6F3B33B}.Release|Any CPU.Build.0 = Release|Any CPU
		{E5D297E7-0FC1-4849-9915-1619E3435471}.Debug|Any CPU.ActiveCfg = Debug|Any CPU
		{E5D297E7-0FC1-4849-9915-1619E3435471}.Debug|Any CPU.Build.0 = Debug|Any CPU
		{E5D297E7-0FC1-4849-9915-1619E3435471}.Release|Any CPU.ActiveCfg = Release|Any CPU
		{E5D297E7-0FC1-4849-9915-1619E3435471}.Release|Any CPU.Build.0 = Release|Any CPU
		{4AD30293-2413-4243-98BC-4A3114D30278}.Debug|Any CPU.ActiveCfg = Debug|Any CPU
		{4AD30293-2413-4243-98BC-4A3114D30278}.Debug|Any CPU.Build.0 = Debug|Any CPU
		{4AD30293-2413-4243-98BC-4A3114D30278}.Release|Any CPU.ActiveCfg = Release|Any CPU
		{4AD30293-2413-4243-98BC-4A3114D30278}.Release|Any CPU.Build.0 = Release|Any CPU
	EndGlobalSection
	GlobalSection(SolutionProperties) = preSolution
		HideSolutionNode = FALSE
	EndGlobalSection
	GlobalSection(NestedProjects) = preSolution
		{2CB449FF-3B2A-442E-875A-5FC2444AB417} = {0CC147CA-4D87-4FAA-9A6C-884729146ABE}
		{B7C96468-F86A-46CA-8A22-BBE3A92EEDCA} = {277F95A5-C0AF-43FA-A6B0-62C04CBF9B83}
		{938A08A9-6229-4781-86A9-DCA80B599C33} = {0CC147CA-4D87-4FAA-9A6C-884729146ABE}
		{5F879848-192B-4ED9-9E8A-58E9C6F3B33B} = {0CC147CA-4D87-4FAA-9A6C-884729146ABE}
		{E5D297E7-0FC1-4849-9915-1619E3435471} = {277F95A5-C0AF-43FA-A6B0-62C04CBF9B83}
		{4AD30293-2413-4243-98BC-4A3114D30278} = {0CC147CA-4D87-4FAA-9A6C-884729146ABE}
	EndGlobalSection
EndGlobal
